
Microsoft Visual Studio Solution File, Format Version 12.00
# Visual Studio Express 15 for Windows Desktop
VisualStudioVersion = 15.0.27004.2006
MinimumVisualStudioVersion = 10.0.40219.1
Project("{FAE04EC0-301F-11D3-BF4B-00C04F79EFBC}") = "Assignment 7.3", "Assignment 7.3\Assignment 7.3.csproj", "{B1F8D239-DEA9-49A4-98CB-18CC71F04537}"
EndProject
Global
	GlobalSection(SolutionConfigurationPlatforms) = preSolution
		Debug|Any CPU = Debug|Any CPU
		Release|Any CPU = Release|Any CPU
	EndGlobalSection
	GlobalSection(ProjectConfigurationPlatforms) = postSolution
		{B1F8D239-DEA9-49A4-98CB-18CC71F04537}.Debug|Any CPU.ActiveCfg = Debug|Any CPU
		{B1F8D239-DEA9-49A4-98CB-18CC71F04537}.Debug|Any CPU.Build.0 = Debug|Any CPU
		{B1F8D239-DEA9-49A4-98CB-18CC71F04537}.Release|Any CPU.ActiveCfg = Release|Any CPU
		{B1F8D239-DEA9-49A4-98CB-18CC71F04537}.Release|Any CPU.Build.0 = Release|Any CPU
	EndGlobalSection
	GlobalSection(SolutionProperties) = preSolution
		HideSolutionNode = FALSE
	EndGlobalSection
	GlobalSection(ExtensibilityGlobals) = postSolution
		SolutionGuid = {AB79A9D5-BAB8-4815-80D6-0EBC5288417C}
	EndGlobalSection
EndGlobal
